
Microsoft Visual Studio Solution File, Format Version 12.00
# Visual Studio Version 16
VisualStudioVersion = 16.0.30611.23
MinimumVisualStudioVersion = 10.0.40219.1
Project("{9A19103F-16F7-4668-BE54-9A1E7A4F7556}") = "ArmaForces.ArmaServerManager.Discord.Bot", "ArmaForces.ArmaServerManager.Discord.Bot\ArmaForces.ArmaServerManager.Discord.Bot.csproj", "{D01F0D00-28D2-43E2-9C72-9D4939F21928}"
EndProject
Project("{9A19103F-16F7-4668-BE54-9A1E7A4F7556}") = "ArmaForces.ArmaServerManager.Discord", "ArmaForces.ArmaServerManager.Discord\ArmaForces.ArmaServerManager.Discord.csproj", "{2D1E9EDD-2EB8-494B-9C31-C21022029261}"
EndProject
Project("{FAE04EC0-301F-11D3-BF4B-00C04F79EFBC}") = "ArmaForces.ArmaServerManager.Discord.Tests", "ArmaForces.ArmaServerManager.Discord.Tests\ArmaForces.ArmaServerManager.Discord.Tests.csproj", "{36F9860F-D07E-4461-B22A-70C30C1517E1}"
EndProject
Global
	GlobalSection(SolutionConfigurationPlatforms) = preSolution
		Debug|Any CPU = Debug|Any CPU
		Release|Any CPU = Release|Any CPU
	EndGlobalSection
	GlobalSection(ProjectConfigurationPlatforms) = postSolution
		{D01F0D00-28D2-43E2-9C72-9D4939F21928}.Debug|Any CPU.ActiveCfg = Debug|Any CPU
		{D01F0D00-28D2-43E2-9C72-9D4939F21928}.Debug|Any CPU.Build.0 = Debug|Any CPU
		{D01F0D00-28D2-43E2-9C72-9D4939F21928}.Release|Any CPU.ActiveCfg = Release|Any CPU
		{D01F0D00-28D2-43E2-9C72-9D4939F21928}.Release|Any CPU.Build.0 = Release|Any CPU
		{2D1E9EDD-2EB8-494B-9C31-C21022029261}.Debug|Any CPU.ActiveCfg = Debug|Any CPU
		{2D1E9EDD-2EB8-494B-9C31-C21022029261}.Debug|Any CPU.Build.0 = Debug|Any CPU
		{2D1E9EDD-2EB8-494B-9C31-C21022029261}.Release|Any CPU.ActiveCfg = Release|Any CPU
		{2D1E9EDD-2EB8-494B-9C31-C21022029261}.Release|Any CPU.Build.0 = Release|Any CPU
		{36F9860F-D07E-4461-B22A-70C30C1517E1}.Debug|Any CPU.ActiveCfg = Debug|Any CPU
		{36F9860F-D07E-4461-B22A-70C30C1517E1}.Debug|Any CPU.Build.0 = Debug|Any CPU
		{36F9860F-D07E-4461-B22A-70C30C1517E1}.Release|Any CPU.ActiveCfg = Release|Any CPU
		{36F9860F-D07E-4461-B22A-70C30C1517E1}.Release|Any CPU.Build.0 = Release|Any CPU
	EndGlobalSection
	GlobalSection(SolutionProperties) = preSolution
		HideSolutionNode = FALSE
	EndGlobalSection
	GlobalSection(ExtensibilityGlobals) = postSolution
		SolutionGuid = {E295AD3C-BF00-4C95-B455-273AD14B69D1}
	EndGlobalSection
EndGlobal
